<?xml version="1.0" encoding="utf-8"?>
<Project ToolsVersion="4.0" xmlns="http://schemas.microsoft.com/developer/msbuild/2003">
  <ItemGroup>
    <CudaCompile Include="..\..\darknet\src\activation_kernels.cu">
      <Filter>gpu</Filter>
    </CudaCompile>
    <CudaCompile Include="..\..\darknet\src\avgpool_layer_kernels.cu">
      <Filter>gpu</Filter>
    </CudaCompile>
    <CudaCompile Include="..\..\darknet\src\blas_kernels.cu">
      <Filter>gpu</Filter>
    </CudaCompile>
    <CudaCompile Include="..\..\darknet\src\col2im_kernels.cu">
      <Filter>gpu</Filter>
    </CudaCompile>
    <CudaCompile Include="..\..\darknet\src\convolutional_kernels.cu">
      <Filter>gpu</Filter>
    </CudaCompile>
    <CudaCompile Include="..\..\darknet\src\crop_layer_kernels.cu">
      <Filter>gpu</Filter>
    </CudaCompile>
    <CudaCompile Include="..\..\darknet\src\dropout_layer_kernels.cu">
      <Filter>gpu</Filter>
    </CudaCompile>
    <CudaCompile Include="..\..\darknet\src\im2col_kernels.cu">
      <Filter>gpu</Filter>
    </CudaCompile>
    <CudaCompile Include="..\..\darknet\src\maxpool_layer_kernels.cu">
      <Filter>gpu</Filter>
    </CudaCompile>
    <CudaCompile Include="..\..\darknet\src\deconvolutional_kernels.cu">
      <Filter>gpu</Filter>
    </CudaCompile>
  </ItemGroup>
  <ItemGroup>
    <ClCompile Include="..\..\darknet\src\activation_layer.c">
      <Filter>cpu</Filter>
    </ClCompile>
    <ClCompile Include="..\..\darknet\src\activations.c">
      <Filter>cpu</Filter>
    </ClCompile>
    <ClCompile Include="..\..\darknet\src\avgpool_layer.c">
      <Filter>cpu</Filter>
    </ClCompile>
    <ClCompile Include="..\..\darknet\src\batchnorm_layer.c">
      <Filter>cpu</Filter>
    </ClCompile>
    <ClCompile Include="..\..\darknet\src\blas.c">
      <Filter>cpu</Filter>
    </ClCompile>
    <ClCompile Include="..\..\darknet\src\box.c">
      <Filter>cpu</Filter>
    </ClCompile>
    <ClCompile Include="..\..\darknet\src\col2im.c">
      <Filter>cpu</Filter>
    </ClCompile>
    <ClCompile Include="..\..\darknet\src\connected_layer.c">
      <Filter>cpu</Filter>
    </ClCompile>
    <ClCompile Include="..\..\darknet\src\convolutional_layer.c">
      <Filter>cpu</Filter>
    </ClCompile>
    <ClCompile Include="..\..\darknet\src\cost_layer.c">
      <Filter>cpu</Filter>
    </ClCompile>
    <ClCompile Include="..\..\darknet\src\crnn_layer.c">
      <Filter>cpu</Filter>
    </ClCompile>
    <ClCompile Include="..\..\darknet\src\crop_layer.c">
      <Filter>cpu</Filter>
    </ClCompile>
    <ClCompile Include="..\..\darknet\src\cuda.c">
      <Filter>cpu</Filter>
    </ClCompile>
    <ClCompile Include="..\..\darknet\src\data.c">
      <Filter>cpu</Filter>
    </ClCompile>
    <ClCompile Include="..\..\darknet\src\detection_layer.c">
      <Filter>cpu</Filter>
    </ClCompile>
    <ClCompile Include="..\..\darknet\src\dropout_layer.c">
      <Filter>cpu</Filter>
    </ClCompile>
    <ClCompile Include="..\..\darknet\src\gemm.c">
      <Filter>cpu</Filter>
    </ClCompile>
    <ClCompile Include="..\..\darknet\src\gru_layer.c">
      <Filter>cpu</Filter>
    </ClCompile>
    <ClCompile Include="..\..\darknet\src\im2col.c">
      <Filter>cpu</Filter>
    </ClCompile>
    <ClCompile Include="..\..\darknet\src\image.c">
      <Filter>cpu</Filter>
    </ClCompile>
    <ClCompile Include="..\..\darknet\src\layer.c">
      <Filter>cpu</Filter>
    </ClCompile>
    <ClCompile Include="..\..\darknet\src\list.c">
      <Filter>cpu</Filter>
    </ClCompile>
    <ClCompile Include="..\..\darknet\src\local_layer.c">
      <Filter>cpu</Filter>
    </ClCompile>
    <ClCompile Include="..\..\darknet\src\matrix.c">
      <Filter>cpu</Filter>
    </ClCompile>
    <ClCompile Include="..\..\darknet\src\maxpool_layer.c">
      <Filter>cpu</Filter>
    </ClCompile>
    <ClCompile Include="..\..\darknet\src\network.c">
      <Filter>cpu</Filter>
    </ClCompile>
    <ClCompile Include="..\..\darknet\src\normalization_layer.c">
      <Filter>cpu</Filter>
    </ClCompile>
    <ClCompile Include="..\..\darknet\src\option_list.c">
      <Filter>cpu</Filter>
    </ClCompile>
    <ClCompile Include="..\..\darknet\src\parser.c">
      <Filter>cpu</Filter>
    </ClCompile>
    <ClCompile Include="..\..\darknet\src\region_layer.c">
      <Filter>cpu</Filter>
    </ClCompile>
    <ClCompile Include="..\..\darknet\src\reorg_layer.c">
      <Filter>cpu</Filter>
    </ClCompile>
    <ClCompile Include="..\..\darknet\src\rnn_layer.c">
      <Filter>cpu</Filter>
    </ClCompile>
    <ClCompile Include="..\..\darknet\src\route_layer.c">
      <Filter>cpu</Filter>
    </ClCompile>
    <ClCompile Include="..\..\darknet\src\shortcut_layer.c">
      <Filter>cpu</Filter>
    </ClCompile>
    <ClCompile Include="..\..\darknet\src\softmax_layer.c">
      <Filter>cpu</Filter>
    </ClCompile>
    <ClCompile Include="..\..\darknet\src\tree.c">
      <Filter>cpu</Filter>
    </ClCompile>
    <ClCompile Include="..\..\darknet\src\utils.c">
      <Filter>cpu</Filter>
    </ClCompile>
    <ClCompile Include="pthread.cpp">
      <Filter>cpu</Filter>
    </ClCompile>
    <ClCompile Include="..\..\darknet\src\deconvolutional_layer.c">
      <Filter>cpu</Filter>
    </ClCompile>
    <ClCompile Include="..\..\darknet\src\yolo_layer.c" />
    <ClCompile Include="..\..\darknet\src\upsample_layer.c">
      <Filter>cpu</Filter>
    </ClCompile>
    <ClCompile Include="..\..\darknet\src\logistic_layer.c">
      <Filter>cpu</Filter>
    </ClCompile>
    <ClCompile Include="..\..\darknet\src\l2norm_layer.c">
      <Filter>cpu</Filter>
    </ClCompile>
    <ClCompile Include="..\..\darknet\src\lstm_layer.c">
      <Filter>cpu</Filter>
    </ClCompile>
    <ClCompile Include="..\..\darknet\src\iseg_layer.c">
      <Filter>cpu</Filter>
    </ClCompile>
  </ItemGroup>
  <ItemGroup>
    <Filter Include="cpu">
      <UniqueIdentifier>{ec336210-214b-45b7-9a70-448a73f4ccbf}</UniqueIdentifier>
    </Filter>
    <Filter Include="gpu">
      <UniqueIdentifier>{e0362ae5-a177-43c3-8a0e-91008a0cd2de}</UniqueIdentifier>
    </Filter>
  </ItemGroup>
  <ItemGroup>
    <None Include="darknet.def" />
  </ItemGroup>
</Project>